PODS:
  - FBSnapshotTestCase (2.1.4):
    - FBSnapshotTestCase/SwiftSupport (= 2.1.4)
  - FBSnapshotTestCase/Core (2.1.4)
  - FBSnapshotTestCase/SwiftSupport (2.1.4):
    - FBSnapshotTestCase/Core
  - Quick (1.2.0)
  - SwiftAnalytics (0.1.1)

DEPENDENCIES:
  - FBSnapshotTestCase
  - Quick
  - SwiftAnalytics (from `../`)

SPEC REPOS:
  trunk:
    - FBSnapshotTestCase
    - Quick

EXTERNAL SOURCES:
  SwiftAnalytics:
    :path: "../"

SPEC CHECKSUMS:
  FBSnapshotTestCase: 094f9f314decbabe373b87cc339bea235a63e07a
  Quick: 58d203b1c5e27fff7229c4c1ae445ad7069a7a08
  SwiftAnalytics: e38904792801dfb6620b53904c1fbc2c16a2f0e7

PODFILE CHECKSUM: 01ffd23057d4a6c28b231487e2f6d4ab379908a7

COCOAPODS: 1.8.4
